github.com/hashicorp/logutils v1.0.0 h1:dLEQVugN8vlakKOUE3ihGLTZJRB4j+M2cdTm/ORI65Y=
github.com/hashicorp/logutils v1.0.0/go.mod h1:QIAnNjmIWmVIIkWDTG1z5v++HQmx9WQRO+LraFDTW64=
github.com/jancona/hpsdr v0.3.0 h1:OM5IyLzD+QEx0W6lL7ZGXjMC50hGbbHhygSa06vIHGk=
github.com/jancona/hpsdr v0.3.0/go.mod h1:8UyVPIlEjd0/U712FMrzK2Ulixhoi3yWuK8DF37jBqI=
github.com/jancona/hpsdr v0.4.0 h1:uAJjDmXUuIoTDf1xoA51wsXNy6SfePF4oZ1/XuRsDD8=
github.com/jancona/hpsdr v0.4.0/go.mod h1:8UyVPIlEjd0/U712FMrzK2Ulixhoi3yWuK8DF37jBqI=
