github.com/hashicorp/logutils v1.0.0 h1:dLEQVugN8vlakKOUE3ihGLTZJRB4j+M2cdTm/ORI65Y=
github.com/hashicorp/logutils v1.0.0/go.mod h1:QIAnNjmIWmVIIkWDTG1z5v++HQmx9WQRO+LraFDTW64=
github.com/jancona/hpsdr v0.9.0 h1:J8Ua+gHaWHgxecBw/aGM/GgLsmTMABgxFnY9fyUQz1c=
github.com/jancona/hpsdr v0.9.0/go.mod h1:8UyVPIlEjd0/U712FMrzK2Ulixhoi3yWuK8DF37jBqI=
